// !$*UTF8*$!
{
	archiveVersion = 1;
	classes = {
	};
	objectVersion = 77;
	objects = {

/* Begin PBXBuildFile section */
		0208B1A02D676FDE00E36308 /* .gitignore in Resources */ = {isa = PBXBuildFile; fileRef = 0208B19F2D676FDA00E36308 /* .gitignore */; };
		026C80E32D9D3F9300C3AB7A /* ProgressHUD in Frameworks */ = {isa = PBXBuildFile; productRef = 026C80E22D9D3F9300C3AB7A /* ProgressHUD */; };
		026C81BE2DA6966300C3AB7A /* Kingfisher in Frameworks */ = {isa = PBXBuildFile; productRef = 026C81BD2DA6966300C3AB7A /* Kingfisher */; };
		026C81C12DA6CB4F00C3AB7A /* SwiftKeychainWrapper in Frameworks */ = {isa = PBXBuildFile; productRef = 026C81C02DA6CB4F00C3AB7A /* SwiftKeychainWrapper */; };
/* End PBXBuildFile section */

/* Begin PBXContainerItemProxy section */
		0208B1802D67682000E36308 /* PBXContainerItemProxy */ = {
			isa = PBXContainerItemProxy;
			containerPortal = 0208B15E2D67681E00E36308 /* Project object */;
			proxyType = 1;
			remoteGlobalIDString = 0208B1652D67681E00E36308;
			remoteInfo = ImageLenta;
		};
		0208B18A2D67682000E36308 /* PBXContainerItemProxy */ = {
			isa = PBXContainerItemProxy;
			containerPortal = 0208B15E2D67681E00E36308 /* Project object */;
			proxyType = 1;
			remoteGlobalIDString = 0208B1652D67681E00E36308;
			remoteInfo = ImageLenta;
		};
/* End PBXContainerItemProxy section */

/* Begin PBXFileReference section */
		0208B1662D67681E00E36308 /* ImageLenta.app */ = {isa = PBXFileReference; explicitFileType = wrapper.application; includeInIndex = 0; path = ImageLenta.app; sourceTree = BUILT_PRODUCTS_DIR; };
		0208B17F2D67682000E36308 /* ImageLentaTests.xctest */ = {isa = PBXFileReference; explicitFileType = wrapper.cfbundle; includeInIndex = 0; path = ImageLentaTests.xctest; sourceTree = BUILT_PRODUCTS_DIR; };
		0208B1892D67682000E36308 /* ImageLentaUITests.xctest */ = {isa = PBXFileReference; explicitFileType = wrapper.cfbundle; includeInIndex = 0; path = ImageLentaUITests.xctest; sourceTree = BUILT_PRODUCTS_DIR; };
		0208B19F2D676FDA00E36308 /* .gitignore */ = {isa = PBXFileReference; lastKnownFileType = text; path = .gitignore; sourceTree = "<group>"; };
/* End PBXFileReference section */

/* Begin PBXFileSystemSynchronizedBuildFileExceptionSet section */
		0208B1912D67682000E36308 /* Exceptions for "ImageLenta" folder in "ImageLenta" target */ = {
			isa = PBXFileSystemSynchronizedBuildFileExceptionSet;
			membershipExceptions = (
				Info.plist,
			);
			target = 0208B1652D67681E00E36308 /* ImageLenta */;
		};
/* End PBXFileSystemSynchronizedBuildFileExceptionSet section */

/* Begin PBXFileSystemSynchronizedRootGroup section */
		0208B1682D67681E00E36308 /* ImageLenta */ = {
			isa = PBXFileSystemSynchronizedRootGroup;
			exceptions = (
				0208B1912D67682000E36308 /* Exceptions for "ImageLenta" folder in "ImageLenta" target */,
			);
			path = ImageLenta;
			sourceTree = "<group>";
		};
		0208B1822D67682000E36308 /* ImageLentaTests */ = {
			isa = PBXFileSystemSynchronizedRootGroup;
			path = ImageLentaTests;
			sourceTree = "<group>";
		};
		0208B18C2D67682000E36308 /* ImageLentaUITests */ = {
			isa = PBXFileSystemSynchronizedRootGroup;
			path = ImageLentaUITests;
			sourceTree = "<group>";
		};
/* End PBXFileSystemSynchronizedRootGroup section */

/* Begin PBXFrameworksBuildPhase section */
		0208B1632D67681E00E36308 /* Frameworks */ = {
			isa = PBXFrameworksBuildPhase;
			buildActionMask = 2147483647;
			files = (
				026C81BE2DA6966300C3AB7A /* Kingfisher in Frameworks */,
				026C80E32D9D3F9300C3AB7A /* ProgressHUD in Frameworks */,
				026C81C12DA6CB4F00C3AB7A /* SwiftKeychainWrapper in Frameworks */,
			);
			runOnlyForDeploymentPostprocessing = 0;
		};
		0208B17C2D67682000E36308 /* Frameworks */ = {
			isa = PBXFrameworksBuildPhase;
			buildActionMask = 2147483647;
			files = (
			);
			runOnlyForDeploymentPostprocessing = 0;
		};
		0208B1862D67682000E36308 /* Frameworks */ = {
			isa = PBXFrameworksBuildPhase;
			buildActionMask = 2147483647;
			files = (
			);
			runOnlyForDeploymentPostprocessing = 0;
		};
/* End PBXFrameworksBuildPhase section */

/* Begin PBXGroup section */
		0208B15D2D67681E00E36308 = {
			isa = PBXGroup;
			children = (
				0208B19F2D676FDA00E36308 /* .gitignore */,
				0208B1682D67681E00E36308 /* ImageLenta */,
				0208B1822D67682000E36308 /* ImageLentaTests */,
				0208B18C2D67682000E36308 /* ImageLentaUITests */,
				0208B1672D67681E00E36308 /* Products */,
			);
			sourceTree = "<group>";
		};
		0208B1672D67681E00E36308 /* Products */ = {
			isa = PBXGroup;
			children = (
				0208B1662D67681E00E36308 /* ImageLenta.app */,
				0208B17F2D67682000E36308 /* ImageLentaTests.xctest */,
				0208B1892D67682000E36308 /* ImageLentaUITests.xctest */,
			);
			name = Products;
			sourceTree = "<group>";
		};
/* End PBXGroup section */

/* Begin PBXNativeTarget section */
		0208B1652D67681E00E36308 /* ImageLenta */ = {
			isa = PBXNativeTarget;
			buildConfigurationList = 0208B1922D67682000E36308 /* Build configuration list for PBXNativeTarget "ImageLenta" */;
			buildPhases = (
				0208B1622D67681E00E36308 /* Sources */,
				0208B1632D67681E00E36308 /* Frameworks */,
				0208B1642D67681E00E36308 /* Resources */,
			);
			buildRules = (
			);
			dependencies = (
			);
			fileSystemSynchronizedGroups = (
				0208B1682D67681E00E36308 /* ImageLenta */,
			);
			name = ImageLenta;
			packageProductDependencies = (
				026C80E22D9D3F9300C3AB7A /* ProgressHUD */,
				026C81BD2DA6966300C3AB7A /* Kingfisher */,
				026C81C02DA6CB4F00C3AB7A /* SwiftKeychainWrapper */,
			);
			productName = ImageLenta;
			productReference = 0208B1662D67681E00E36308 /* ImageLenta.app */;
			productType = "com.apple.product-type.application";
		};
		0208B17E2D67682000E36308 /* ImageLentaTests */ = {
			isa = PBXNativeTarget;
			buildConfigurationList = 0208B1972D67682000E36308 /* Build configuration list for PBXNativeTarget "ImageLentaTests" */;
			buildPhases = (
				0208B17B2D67682000E36308 /* Sources */,
				0208B17C2D67682000E36308 /* Frameworks */,
				0208B17D2D67682000E36308 /* Resources */,
			);
			buildRules = (
			);
			dependencies = (
				0208B1812D67682000E36308 /* PBXTargetDependency */,
			);
			fileSystemSynchronizedGroups = (
				0208B1822D67682000E36308 /* ImageLentaTests */,
			);
			name = ImageLentaTests;
			packageProductDependencies = (
			);
			productName = ImageLentaTests;
			productReference = 0208B17F2D67682000E36308 /* ImageLentaTests.xctest */;
			productType = "com.apple.product-type.bundle.unit-test";
		};
		0208B1882D67682000E36308 /* ImageLentaUITests */ = {
			isa = PBXNativeTarget;
			buildConfigurationList = 0208B19A2D67682000E36308 /* Build configuration list for PBXNativeTarget "ImageLentaUITests" */;
			buildPhases = (
				0208B1852D67682000E36308 /* Sources */,
				0208B1862D67682000E36308 /* Frameworks */,
				0208B1872D67682000E36308 /* Resources */,
			);
			buildRules = (
			);
			dependencies = (
				0208B18B2D67682000E36308 /* PBXTargetDependency */,
			);
			fileSystemSynchronizedGroups = (
				0208B18C2D67682000E36308 /* ImageLentaUITests */,
			);
			name = ImageLentaUITests;
			packageProductDependencies = (
			);
			productName = ImageLentaUITests;
			productReference = 0208B1892D67682000E36308 /* ImageLentaUITests.xctest */;
			productType = "com.apple.product-type.bundle.ui-testing";
		};
/* End PBXNativeTarget section */

/* Begin PBXProject section */
		0208B15E2D67681E00E36308 /* Project object */ = {
			isa = PBXProject;
			attributes = {
				BuildIndependentTargetsInParallel = 1;
				LastSwiftUpdateCheck = 1620;
				LastUpgradeCheck = 1620;
				TargetAttributes = {
					0208B1652D67681E00E36308 = {
						CreatedOnToolsVersion = 16.2;
					};
					0208B17E2D67682000E36308 = {
						CreatedOnToolsVersion = 16.2;
						TestTargetID = 0208B1652D67681E00E36308;
					};
					0208B1882D67682000E36308 = {
						CreatedOnToolsVersion = 16.2;
						TestTargetID = 0208B1652D67681E00E36308;
					};
				};
			};
			buildConfigurationList = 0208B1612D67681E00E36308 /* Build configuration list for PBXProject "ImageLenta" */;
			developmentRegion = en;
			hasScannedForEncodings = 0;
			knownRegions = (
				en,
				Base,
			);
			mainGroup = 0208B15D2D67681E00E36308;
			minimizedProjectReferenceProxies = 1;
			packageReferences = (
				026C80E12D9D3F9300C3AB7A /* XCRemoteSwiftPackageReference "ProgressHUD" */,
				026C81BC2DA6966300C3AB7A /* XCRemoteSwiftPackageReference "Kingfisher" */,
				026C81BF2DA6CB4F00C3AB7A /* XCRemoteSwiftPackageReference "SwiftKeychainWrapper" */,
			);
			preferredProjectObjectVersion = 77;
			productRefGroup = 0208B1672D67681E00E36308 /* Products */;
			projectDirPath = "";
			projectRoot = "";
			targets = (
				0208B1652D67681E00E36308 /* ImageLenta */,
				0208B17E2D67682000E36308 /* ImageLentaTests */,
				0208B1882D67682000E36308 /* ImageLentaUITests */,
			);
		};
/* End PBXProject section */

/* Begin PBXResourcesBuildPhase section */
		0208B1642D67681E00E36308 /* Resources */ = {
			isa = PBXResourcesBuildPhase;
			buildActionMask = 2147483647;
			files = (
				0208B1A02D676FDE00E36308 /* .gitignore in Resources */,
			);
			runOnlyForDeploymentPostprocessing = 0;
		};
		0208B17D2D67682000E36308 /* Resources */ = {
			isa = PBXResourcesBuildPhase;
			buildActionMask = 2147483647;
			files = (
			);
			runOnlyForDeploymentPostprocessing = 0;
		};
		0208B1872D67682000E36308 /* Resources */ = {
			isa = PBXResourcesBuildPhase;
			buildActionMask = 2147483647;
			files = (
			);
			runOnlyForDeploymentPostprocessing = 0;
		};
/* End PBXResourcesBuildPhase section */

/* Begin PBXSourcesBuildPhase section */
		0208B1622D67681E00E36308 /* Sources */ = {
			isa = PBXSourcesBuildPhase;
			buildActionMask = 2147483647;
			files = (
			);
			runOnlyForDeploymentPostprocessing = 0;
		};
		0208B17B2D67682000E36308 /* Sources */ = {
			isa = PBXSourcesBuildPhase;
			buildActionMask = 2147483647;
			files = (
			);
			runOnlyForDeploymentPostprocessing = 0;
		};
		0208B1852D67682000E36308 /* Sources */ = {
			isa = PBXSourcesBuildPhase;
			buildActionMask = 2147483647;
			files = (
			);
			runOnlyForDeploymentPostprocessing = 0;
		};
/* End PBXSourcesBuildPhase section */

/* Begin PBXTargetDependency section */
		0208B1812D67682000E36308 /* PBXTargetDependency */ = {
			isa = PBXTargetDependency;
			target = 0208B1652D67681E00E36308 /* ImageLenta */;
			targetProxy = 0208B1802D67682000E36308 /* PBXContainerItemProxy */;
		};
		0208B18B2D67682000E36308 /* PBXTargetDependency */ = {
			isa = PBXTargetDependency;
			target = 0208B1652D67681E00E36308 /* ImageLenta */;
			targetProxy = 0208B18A2D67682000E36308 /* PBXContainerItemProxy */;
		};
/* End PBXTargetDependency section */

/* Begin XCBuildConfiguration section */
		0208B1932D67682000E36308 /* Debug */ = {
			isa = XCBuildConfiguration;
			buildSettings = {
				ASSETCATALOG_COMPILER_APPICON_NAME = AppIcon;
				ASSETCATALOG_COMPILER_GLOBAL_ACCENT_COLOR_NAME = AccentColor;
				ASSETCATALOG_COMPILER_INCLUDE_ALL_APPICON_ASSETS = NO;
				CODE_SIGN_STYLE = Automatic;
				CURRENT_PROJECT_VERSION = 1;
				DEVELOPMENT_TEAM = Z9TU247V44;
				GENERATE_INFOPLIST_FILE = YES;
				INFOPLIST_FILE = ImageLenta/Info.plist;
				INFOPLIST_KEY_UIApplicationSupportsIndirectInputEvents = YES;
				INFOPLIST_KEY_UILaunchStoryboardName = LaunchScreen;
				INFOPLIST_KEY_UIMainStoryboardFile = Main;
				INFOPLIST_KEY_UISupportedInterfaceOrientations = UIInterfaceOrientationPortrait;
				INFOPLIST_KEY_UISupportedInterfaceOrientations_iPad = "UIInterfaceOrientationLandscapeLeft UIInterfaceOrientationLandscapeRight UIInterfaceOrientationPortrait UIInterfaceOrientationPortraitUpsideDown";
				IPHONEOS_DEPLOYMENT_TARGET = 13;
				LD_RUNPATH_SEARCH_PATHS = (
					"$(inherited)",
					"@executable_path/Frameworks",
				);
				MARKETING_VERSION = 1.0;
				PRODUCT_BUNDLE_IDENTIFIER = ru.yandex.practicum.korolSwift.ImageLenta;
				PRODUCT_NAME = "$(TARGET_NAME)";
				SUPPORTED_PLATFORMS = "iphoneos iphonesimulator";
				SUPPORTS_MACCATALYST = NO;
				SWIFT_EMIT_LOC_STRINGS = YES;
				SWIFT_VERSION = 5.0;
				TARGETED_DEVICE_FAMILY = 1;
			};
			name = Debug;
		};
		0208B1942D67682000E36308 /* Release */ = {
			isa = XCBuildConfiguration;
			buildSettings = {
				ASSETCATALOG_COMPILER_APPICON_NAME = AppIcon;
				ASSETCATALOG_COMPILER_GLOBAL_ACCENT_COLOR_NAME = AccentColor;
				ASSETCATALOG_COMPILER_INCLUDE_ALL_APPICON_ASSETS = NO;
				CODE_SIGN_STYLE = Automatic;
				CURRENT_PROJECT_VERSION = 1;
				DEVELOPMENT_TEAM = Z9TU247V44;
				GENERATE_INFOPLIST_FILE = YES;
				INFOPLIST_FILE = ImageLenta/Info.plist;
				INFOPLIST_KEY_UIApplicationSupportsIndirectInputEvents = YES;
				INFOPLIST_KEY_UILaunchStoryboardName = LaunchScreen;
				INFOPLIST_KEY_UIMainStoryboardFile = Main;
				INFOPLIST_KEY_UISupportedInterfaceOrientations = UIInterfaceOrientationPortrait;
				INFOPLIST_KEY_UISupportedInterfaceOrientations_iPad = "UIInterfaceOrientationLandscapeLeft UIInterfaceOrientationLandscapeRight UIInterfaceOrientationPortrait UIInterfaceOrientationPortraitUpsideDown";
				IPHONEOS_DEPLOYMENT_TARGET = 13;
				LD_RUNPATH_SEARCH_PATHS = (
					"$(inherited)",
					"@executable_path/Frameworks",
				);
				MARKETING_VERSION = 1.0;
				PRODUCT_BUNDLE_IDENTIFIER = ru.yandex.practicum.korolSwift.ImageLenta;
				PRODUCT_NAME = "$(TARGET_NAME)";
				SUPPORTED_PLATFORMS = "iphoneos iphonesimulator";
				SUPPORTS_MACCATALYST = NO;
				SWIFT_EMIT_LOC_STRINGS = YES;
				SWIFT_VERSION = 5.0;
				TARGETED_DEVICE_FAMILY = 1;
			};
			name = Release;
		};
		0208B1952D67682000E36308 /* Debug */ = {
			isa = XCBuildConfiguration;
			buildSettings = {
				ALWAYS_SEARCH_USER_PATHS = NO;
				ASSETCATALOG_COMPILER_GENERATE_SWIFT_ASSET_SYMBOL_EXTENSIONS = YES;
				CLANG_ANALYZER_NONNULL = YES;
				CLANG_ANALYZER_NUMBER_OBJECT_CONVERSION = YES_AGGRESSIVE;
				CLANG_CXX_LANGUAGE_STANDARD = "gnu++20";
				CLANG_ENABLE_MODULES = YES;
				CLANG_ENABLE_OBJC_ARC = YES;
				CLANG_ENABLE_OBJC_WEAK = YES;
				CLANG_WARN_BLOCK_CAPTURE_AUTORELEASING = YES;
				CLANG_WARN_BOOL_CONVERSION = YES;
				CLANG_WARN_COMMA = YES;
				CLANG_WARN_CONSTANT_CONVERSION = YES;
				CLANG_WARN_DEPRECATED_OBJC_IMPLEMENTATIONS = YES;
				CLANG_WARN_DIRECT_OBJC_ISA_USAGE = YES_ERROR;
				CLANG_WARN_DOCUMENTATION_COMMENTS = YES;
				CLANG_WARN_EMPTY_BODY = YES;
				CLANG_WARN_ENUM_CONVERSION = YES;
				CLANG_WARN_INFINITE_RECURSION = YES;
				CLANG_WARN_INT_CONVERSION = YES;
				CLANG_WARN_NON_LITERAL_NULL_CONVERSION = YES;
				CLANG_WARN_OBJC_IMPLICIT_RETAIN_SELF = YES;
				CLANG_WARN_OBJC_LITERAL_CONVERSION = YES;
				CLANG_WARN_OBJC_ROOT_CLASS = YES_ERROR;
				CLANG_WARN_QUOTED_INCLUDE_IN_FRAMEWORK_HEADER = YES;
				CLANG_WARN_RANGE_LOOP_ANALYSIS = YES;
				CLANG_WARN_STRICT_PROTOTYPES = YES;
				CLANG_WARN_SUSPICIOUS_MOVE = YES;
				CLANG_WARN_UNGUARDED_AVAILABILITY = YES_AGGRESSIVE;
				CLANG_WARN_UNREACHABLE_CODE = YES;
				CLANG_WARN__DUPLICATE_METHOD_MATCH = YES;
				COPY_PHASE_STRIP = NO;
				DEBUG_INFORMATION_FORMAT = dwarf;
				ENABLE_STRICT_OBJC_MSGSEND = YES;
				ENABLE_TESTABILITY = YES;
				ENABLE_USER_SCRIPT_SANDBOXING = YES;
				GCC_C_LANGUAGE_STANDARD = gnu17;
				GCC_DYNAMIC_NO_PIC = NO;
				GCC_NO_COMMON_BLOCKS = YES;
				GCC_OPTIMIZATION_LEVEL = 0;
				GCC_PREPROCESSOR_DEFINITIONS = (
					"DEBUG=1",
					"$(inherited)",
				);
				GCC_WARN_64_TO_32_BIT_CONVERSION = YES;
				GCC_WARN_ABOUT_RETURN_TYPE = YES_ERROR;
				GCC_WARN_UNDECLARED_SELECTOR = YES;
				GCC_WARN_UNINITIALIZED_AUTOS = YES_AGGRESSIVE;
				GCC_WARN_UNUSED_FUNCTION = YES;
				GCC_WARN_UNUSED_VARIABLE = YES;
				IPHONEOS_DEPLOYMENT_TARGET = 18.2;
				LOCALIZATION_PREFERS_STRING_CATALOGS = YES;
				MTL_ENABLE_DEBUG_INFO = INCLUDE_SOURCE;
				MTL_FAST_MATH = YES;
				ONLY_ACTIVE_ARCH = YES;
				SDKROOT = iphoneos;
				SWIFT_ACTIVE_COMPILATION_CONDITIONS = "DEBUG $(inherited)";
				SWIFT_OPTIMIZATION_LEVEL = "-Onone";
			};
			name = Debug;
		};
		0208B1962D67682000E36308 /* Release */ = {
			isa = XCBuildConfiguration;
			buildSettings = {
				ALWAYS_SEARCH_USER_PATHS = NO;
				ASSETCATALOG_COMPILER_GENERATE_SWIFT_ASSET_SYMBOL_EXTENSIONS = YES;
				CLANG_ANALYZER_NONNULL = YES;
				CLANG_ANALYZER_NUMBER_OBJECT_CONVERSION = YES_AGGRESSIVE;
				CLANG_CXX_LANGUAGE_STANDARD = "gnu++20";
				CLANG_ENABLE_MODULES = YES;
				CLANG_ENABLE_OBJC_ARC = YES;
				CLANG_ENABLE_OBJC_WEAK = YES;
				CLANG_WARN_BLOCK_CAPTURE_AUTORELEASING = YES;
				CLANG_WARN_BOOL_CONVERSION = YES;
				CLANG_WARN_COMMA = YES;
				CLANG_WARN_CONSTANT_CONVERSION = YES;
				CLANG_WARN_DEPRECATED_OBJC_IMPLEMENTATIONS = YES;
				CLANG_WARN_DIRECT_OBJC_ISA_USAGE = YES_ERROR;
				CLANG_WARN_DOCUMENTATION_COMMENTS = YES;
				CLANG_WARN_EMPTY_BODY = YES;
				CLANG_WARN_ENUM_CONVERSION = YES;
				CLANG_WARN_INFINITE_RECURSION = YES;
				CLANG_WARN_INT_CONVERSION = YES;
				CLANG_WARN_NON_LITERAL_NULL_CONVERSION = YES;
				CLANG_WARN_OBJC_IMPLICIT_RETAIN_SELF = YES;
				CLANG_WARN_OBJC_LITERAL_CONVERSION = YES;
				CLANG_WARN_OBJC_ROOT_CLASS = YES_ERROR;
				CLANG_WARN_QUOTED_INCLUDE_IN_FRAMEWORK_HEADER = YES;
				CLANG_WARN_RANGE_LOOP_ANALYSIS = YES;
				CLANG_WARN_STRICT_PROTOTYPES = YES;
				CLANG_WARN_SUSPICIOUS_MOVE = YES;
				CLANG_WARN_UNGUARDED_AVAILABILITY = YES_AGGRESSIVE;
				CLANG_WARN_UNREACHABLE_CODE = YES;
				CLANG_WARN__DUPLICATE_METHOD_MATCH = YES;
				COPY_PHASE_STRIP = NO;
				DEBUG_INFORMATION_FORMAT = "dwarf-with-dsym";
				ENABLE_NS_ASSERTIONS = NO;
				ENABLE_STRICT_OBJC_MSGSEND = YES;
				ENABLE_USER_SCRIPT_SANDBOXING = YES;
				GCC_C_LANGUAGE_STANDARD = gnu17;
				GCC_NO_COMMON_BLOCKS = YES;
				GCC_WARN_64_TO_32_BIT_CONVERSION = YES;
				GCC_WARN_ABOUT_RETURN_TYPE = YES_ERROR;
				GCC_WARN_UNDECLARED_SELECTOR = YES;
				GCC_WARN_UNINITIALIZED_AUTOS = YES_AGGRESSIVE;
				GCC_WARN_UNUSED_FUNCTION = YES;
				GCC_WARN_UNUSED_VARIABLE = YES;
				IPHONEOS_DEPLOYMENT_TARGET = 18.2;
				LOCALIZATION_PREFERS_STRING_CATALOGS = YES;
				MTL_ENABLE_DEBUG_INFO = NO;
				MTL_FAST_MATH = YES;
				SDKROOT = iphoneos;
				SWIFT_COMPILATION_MODE = wholemodule;
				VALIDATE_PRODUCT = YES;
			};
			name = Release;
		};
		0208B1982D67682000E36308 /* Debug */ = {
			isa = XCBuildConfiguration;
			buildSettings = {
				BUNDLE_LOADER = "$(TEST_HOST)";
				CODE_SIGN_STYLE = Automatic;
				CURRENT_PROJECT_VERSION = 1;
				DEVELOPMENT_TEAM = Z9TU247V44;
				GENERATE_INFOPLIST_FILE = YES;
				IPHONEOS_DEPLOYMENT_TARGET = 18.2;
				MARKETING_VERSION = 1.0;
				PRODUCT_BUNDLE_IDENTIFIER = ru.yandex.practicum.korolSwift.ImageLentaTests;
				PRODUCT_NAME = "$(TARGET_NAME)";
				SWIFT_EMIT_LOC_STRINGS = NO;
				SWIFT_VERSION = 5.0;
				TARGETED_DEVICE_FAMILY = "1,2";
				TEST_HOST = "$(BUILT_PRODUCTS_DIR)/ImageLenta.app/$(BUNDLE_EXECUTABLE_FOLDER_PATH)/ImageLenta";
			};
			name = Debug;
		};
		0208B1992D67682000E36308 /* Release */ = {
			isa = XCBuildConfiguration;
			buildSettings = {
				BUNDLE_LOADER = "$(TEST_HOST)";
				CODE_SIGN_STYLE = Automatic;
				CURRENT_PROJECT_VERSION = 1;
				DEVELOPMENT_TEAM = Z9TU247V44;
				GENERATE_INFOPLIST_FILE = YES;
				IPHONEOS_DEPLOYMENT_TARGET = 18.2;
				MARKETING_VERSION = 1.0;
				PRODUCT_BUNDLE_IDENTIFIER = ru.yandex.practicum.korolSwift.ImageLentaTests;
				PRODUCT_NAME = "$(TARGET_NAME)";
				SWIFT_EMIT_LOC_STRINGS = NO;
				SWIFT_VERSION = 5.0;
				TARGETED_DEVICE_FAMILY = "1,2";
				TEST_HOST = "$(BUILT_PRODUCTS_DIR)/ImageLenta.app/$(BUNDLE_EXECUTABLE_FOLDER_PATH)/ImageLenta";
			};
			name = Release;
		};
		0208B19B2D67682000E36308 /* Debug */ = {
			isa = XCBuildConfiguration;
			buildSettings = {
				CODE_SIGN_STYLE = Automatic;
				CURRENT_PROJECT_VERSION = 1;
				DEVELOPMENT_TEAM = Z9TU247V44;
				GENERATE_INFOPLIST_FILE = YES;
				MARKETING_VERSION = 1.0;
				PRODUCT_BUNDLE_IDENTIFIER = ru.yandex.practicum.korolSwift.ImageLentaUITests;
				PRODUCT_NAME = "$(TARGET_NAME)";
				SWIFT_EMIT_LOC_STRINGS = NO;
				SWIFT_VERSION = 5.0;
				TARGETED_DEVICE_FAMILY = "1,2";
				TEST_TARGET_NAME = ImageLenta;
			};
			name = Debug;
		};
		0208B19C2D67682000E36308 /* Release */ = {
			isa = XCBuildConfiguration;
			buildSettings = {
				CODE_SIGN_STYLE = Automatic;
				CURRENT_PROJECT_VERSION = 1;
				DEVELOPMENT_TEAM = Z9TU247V44;
				GENERATE_INFOPLIST_FILE = YES;
				MARKETING_VERSION = 1.0;
				PRODUCT_BUNDLE_IDENTIFIER = ru.yandex.practicum.korolSwift.ImageLentaUITests;
				PRODUCT_NAME = "$(TARGET_NAME)";
				SWIFT_EMIT_LOC_STRINGS = NO;
				SWIFT_VERSION = 5.0;
				TARGETED_DEVICE_FAMILY = "1,2";
				TEST_TARGET_NAME = ImageLenta;
			};
			name = Release;
		};
/* End XCBuildConfiguration section */

/* Begin XCConfigurationList section */
		0208B1612D67681E00E36308 /* Build configuration list for PBXProject "ImageLenta" */ = {
			isa = XCConfigurationList;
			buildConfigurations = (
				0208B1952D67682000E36308 /* Debug */,
				0208B1962D67682000E36308 /* Release */,
			);
			defaultConfigurationIsVisible = 0;
			defaultConfigurationName = Release;
		};
		0208B1922D67682000E36308 /* Build configuration list for PBXNativeTarget "ImageLenta" */ = {
			isa = XCConfigurationList;
			buildConfigurations = (
				0208B1932D67682000E36308 /* Debug */,
				0208B1942D67682000E36308 /* Release */,
			);
			defaultConfigurationIsVisible = 0;
			defaultConfigurationName = Release;
		};
		0208B1972D67682000E36308 /* Build configuration list for PBXNativeTarget "ImageLentaTests" */ = {
			isa = XCConfigurationList;
			buildConfigurations = (
				0208B1982D67682000E36308 /* Debug */,
				0208B1992D67682000E36308 /* Release */,
			);
			defaultConfigurationIsVisible = 0;
			defaultConfigurationName = Release;
		};
		0208B19A2D67682000E36308 /* Build configuration list for PBXNativeTarget "ImageLentaUITests" */ = {
			isa = XCConfigurationList;
			buildConfigurations = (
				0208B19B2D67682000E36308 /* Debug */,
				0208B19C2D67682000E36308 /* Release */,
			);
			defaultConfigurationIsVisible = 0;
			defaultConfigurationName = Release;
		};
/* End XCConfigurationList section */

/* Begin XCRemoteSwiftPackageReference section */
		026C80E12D9D3F9300C3AB7A /* XCRemoteSwiftPackageReference "ProgressHUD" */ = {
			isa = XCRemoteSwiftPackageReference;
			repositoryURL = "https://github.com/relatedcode/ProgressHUD";
			requirement = {
				kind = upToNextMajorVersion;
				minimumVersion = 14.1.3;
			};
		};
		026C81BC2DA6966300C3AB7A /* XCRemoteSwiftPackageReference "Kingfisher" */ = {
			isa = XCRemoteSwiftPackageReference;
			repositoryURL = "https://github.com/onevcat/Kingfisher.git";
			requirement = {
				kind = upToNextMajorVersion;
				minimumVersion = 8.3.1;
			};
		};
		026C81BF2DA6CB4F00C3AB7A /* XCRemoteSwiftPackageReference "SwiftKeychainWrapper" */ = {
			isa = XCRemoteSwiftPackageReference;
			repositoryURL = "https://github.com/jrendel/SwiftKeychainWrapper";
			requirement = {
				kind = upToNextMajorVersion;
				minimumVersion = 4.0.1;
			};
		};
/* End XCRemoteSwiftPackageReference section */

/* Begin XCSwiftPackageProductDependency section */
		026C80E22D9D3F9300C3AB7A /* ProgressHUD */ = {
			isa = XCSwiftPackageProductDependency;
			package = 026C80E12D9D3F9300C3AB7A /* XCRemoteSwiftPackageReference "ProgressHUD" */;
			productName = ProgressHUD;
		};
		026C81BD2DA6966300C3AB7A /* Kingfisher */ = {
			isa = XCSwiftPackageProductDependency;
			package = 026C81BC2DA6966300C3AB7A /* XCRemoteSwiftPackageReference "Kingfisher" */;
			productName = Kingfisher;
		};
		026C81C02DA6CB4F00C3AB7A /* SwiftKeychainWrapper */ = {
			isa = XCSwiftPackageProductDependency;
			package = 026C81BF2DA6CB4F00C3AB7A /* XCRemoteSwiftPackageReference "SwiftKeychainWrapper" */;
			productName = SwiftKeychainWrapper;
		};
/* End XCSwiftPackageProductDependency section */
	};
	rootObject = 0208B15E2D67681E00E36308 /* Project object */;
}
